
Microsoft Visual Studio Solution File, Format Version 12.00
# Visual Studio 15
VisualStudioVersion = 15.0.28010.2016
MinimumVisualStudioVersion = 10.0.40219.1
Project("{9A19103F-16F7-4668-BE54-9A1E7A4F7556}") = "Sample.Web", "Sample.Web\Sample.Web.csproj", "{DC91EFC6-75CE-437C-8290-BDD8F555CCCD}"
EndProject
Project("{2150E333-8FDC-42A3-9474-1A3956D46DE8}") = "Testing", "Testing", "{1176C448-B075-49B0-9D94-256C3E14FF5B}"
EndProject
Global
	GlobalSection(SolutionConfigurationPlatforms) = preSolution
		Debug|Any CPU = Debug|Any CPU
		Release|Any CPU = Release|Any CPU
	EndGlobalSection
	GlobalSection(ProjectConfigurationPlatforms) = postSolution
		{DC91EFC6-75CE-437C-8290-BDD8F555CCCD}.Debug|Any CPU.ActiveCfg = Debug|Any CPU
		{DC91EFC6-75CE-437C-8290-BDD8F555CCCD}.Debug|Any CPU.Build.0 = Debug|Any CPU
		{DC91EFC6-75CE-437C-8290-BDD8F555CCCD}.Release|Any CPU.ActiveCfg = Release|Any CPU
		{DC91EFC6-75CE-437C-8290-BDD8F555CCCD}.Release|Any CPU.Build.0 = Release|Any CPU
	EndGlobalSection
	GlobalSection(SolutionProperties) = preSolution
		HideSolutionNode = FALSE
	EndGlobalSection
	GlobalSection(ExtensibilityGlobals) = postSolution
		SolutionGuid = {9E871B73-7F89-40B0-A0F5-3BDA7E02A658}
	EndGlobalSection
EndGlobal
